
Microsoft Visual Studio Solution File, Format Version 12.00
# Visual Studio 2013
VisualStudioVersion = 12.0.40629.0
MinimumVisualStudioVersion = 10.0.40219.1
Project("{FAE04EC0-301F-11D3-BF4B-00C04F79EFBC}") = "hardWareViewer", "hardWareViewer\hardWareViewer.csproj", "{17D5E250-FC18-4B89-9FAF-DF5CB4BFB77A}"
EndProject
Global
	GlobalSection(SolutionConfigurationPlatforms) = preSolution
		Debug|Any CPU = Debug|Any CPU
		Release|Any CPU = Release|Any CPU
	EndGlobalSection
	GlobalSection(ProjectConfigurationPlatforms) = postSolution
		{17D5E250-FC18-4B89-9FAF-DF5CB4BFB77A}.Debug|Any CPU.ActiveCfg = Debug|Any CPU
		{17D5E250-FC18-4B89-9FAF-DF5CB4BFB77A}.Debug|Any CPU.Build.0 = Debug|Any CPU
		{17D5E250-FC18-4B89-9FAF-DF5CB4BFB77A}.Release|Any CPU.ActiveCfg = Release|Any CPU
		{17D5E250-FC18-4B89-9FAF-DF5CB4BFB77A}.Release|Any CPU.Build.0 = Release|Any CPU
	EndGlobalSection
	GlobalSection(SolutionProperties) = preSolution
		HideSolutionNode = FALSE
	EndGlobalSection
	GlobalSection(ExtensibilityGlobals) = postSolution
		SolutionGuid = {C276C45C-A7B2-49E7-BD79-9BE638193ED7}
	EndGlobalSection
EndGlobal
